// !$*UTF8*$!
{
	archiveVersion = 1;
	classes = {
	};
	objectVersion = 46;
	objects = {

/* Begin PBXBuildFile section */
		C21F9B591D12A00100E310CA /* AppDelegate.swift in Sources */ = {isa = PBXBuildFile; fileRef = C21F9B581D12A00100E310CA /* AppDelegate.swift */; };
		C21F9B5B1D12A00100E310CA /* ViewController.swift in Sources */ = {isa = PBXBuildFile; fileRef = C21F9B5A1D12A00100E310CA /* ViewController.swift */; };
		C21F9B5D1D12A00100E310CA /* Assets.xcassets in Resources */ = {isa = PBXBuildFile; fileRef = C21F9B5C1D12A00100E310CA /* Assets.xcassets */; };
		C21F9B601D12A00100E310CA /* Main.storyboard in Resources */ = {isa = PBXBuildFile; fileRef = C21F9B5E1D12A00100E310CA /* Main.storyboard */; };
/* End PBXBuildFile section */

/* Begin PBXFileReference section */
		C21F9B551D12A00100E310CA /* Spoti2Music.app */ = {isa = PBXFileReference; explicitFileType = wrapper.application; includeInIndex = 0; path = Spoti2Music.app; sourceTree = BUILT_PRODUCTS_DIR; };
		C21F9B581D12A00100E310CA /* AppDelegate.swift */ = {isa = PBXFileReference; lastKnownFileType = sourcecode.swift; path = AppDelegate.swift; sourceTree = "<group>"; };
		C21F9B5A1D12A00100E310CA /* ViewController.swift */ = {isa = PBXFileReference; lastKnownFileType = sourcecode.swift; path = ViewController.swift; sourceTree = "<group>"; };
		C21F9B5C1D12A00100E310CA /* Assets.xcassets */ = {isa = PBXFileReference; lastKnownFileType = folder.assetcatalog; path = Assets.xcassets; sourceTree = "<group>"; };
		C21F9B5F1D12A00100E310CA /* Base */ = {isa = PBXFileReference; lastKnownFileType = file.storyboard; name = Base; path = Base.lproj/Main.storyboard; sourceTree = "<group>"; };
		C21F9B611D12A00100E310CA /* Info.plist */ = {isa = PBXFileReference; lastKnownFileType = text.plist.xml; path = Info.plist; sourceTree = "<group>"; };
/* End PBXFileReference section */

/* Begin PBXFrameworksBuildPhase section */
		C21F9B521D12A00100E310CA /* Frameworks */ = {
			isa = PBXFrameworksBuildPhase;
			buildActionMask = 2147483647;
			files = (
			);
			runOnlyForDeploymentPostprocessing = 0;
		};
/* End PBXFrameworksBuildPhase section */

/* Begin PBXGroup section */
		C21F9B4C1D12A00100E310CA = {
			isa = PBXGroup;
			children = (
				C21F9B571D12A00100E310CA /* Spoti2Music */,
				C21F9B561D12A00100E310CA /* Products */,
			);
			sourceTree = "<group>";
		};
		C21F9B561D12A00100E310CA /* Products */ = {
			isa = PBXGroup;
			children = (
				C21F9B551D12A00100E310CA /* Spoti2Music.app */,
			);
			name = Products;
			sourceTree = "<group>";
		};
		C21F9B571D12A00100E310CA /* Spoti2Music */ = {
			isa = PBXGroup;
			children = (
				C21F9B581D12A00100E310CA /* AppDelegate.swift */,
				C21F9B5A1D12A00100E310CA /* ViewController.swift */,
				C21F9B5C1D12A00100E310CA /* Assets.xcassets */,
				C21F9B5E1D12A00100E310CA /* Main.storyboard */,
				C21F9B611D12A00100E310CA /* Info.plist */,
			);
			path = Spoti2Music;
			sourceTree = "<group>";
		};
/* End PBXGroup section */

/* Begin PBXNativeTarget section */
		C21F9B541D12A00100E310CA /* Spoti2Music */ = {
			isa = PBXNativeTarget;
			buildConfigurationList = C21F9B641D12A00100E310CA /* Build configuration list for PBXNativeTarget "Spoti2Music" */;
			buildPhases = (
				C21F9B511D12A00100E310CA /* Sources */,
				C21F9B521D12A00100E310CA /* Frameworks */,
				C21F9B531D12A00100E310CA /* Resources */,
			);
			buildRules = (
			);
			dependencies = (
			);
			name = Spoti2Music;
			productName = Spoti2Music;
			productReference = C21F9B551D12A00100E310CA /* Spoti2Music.app */;
			productType = "com.apple.product-type.application";
		};
/* End PBXNativeTarget section */

/* Begin PBXProject section */
		C21F9B4D1D12A00100E310CA /* Project object */ = {
			isa = PBXProject;
			attributes = {
				LastSwiftUpdateCheck = 0730;
				LastUpgradeCheck = 0730;
				ORGANIZATIONNAME = "Issam Bendaas";
				TargetAttributes = {
					C21F9B541D12A00100E310CA = {
						CreatedOnToolsVersion = 7.3;
					};
				};
			};
			buildConfigurationList = C21F9B501D12A00100E310CA /* Build configuration list for PBXProject "Spoti2Music" */;
			compatibilityVersion = "Xcode 3.2";
			developmentRegion = English;
			hasScannedForEncodings = 0;
			knownRegions = (
				en,
				Base,
			);
			mainGroup = C21F9B4C1D12A00100E310CA;
			productRefGroup = C21F9B561D12A00100E310CA /* Products */;
			projectDirPath = "";
			projectRoot = "";
			targets = (
				C21F9B541D12A00100E310CA /* Spoti2Music */,
			);
		};
/* End PBXProject section */

/* Begin PBXResourcesBuildPhase section */
		C21F9B531D12A00100E310CA /* Resources */ = {
			isa = PBXResourcesBuildPhase;
			buildActionMask = 2147483647;
			files = (
				C21F9B5D1D12A00100E310CA /* Assets.xcassets in Resources */,
				C21F9B601D12A00100E310CA /* Main.storyboard in Resources */,
			);
			runOnlyForDeploymentPostprocessing = 0;
		};
/* End PBXResourcesBuildPhase section */

/* Begin PBXSourcesBuildPhase section */
		C21F9B511D12A00100E310CA /* Sources */ = {
			isa = PBXSourcesBuildPhase;
			buildActionMask = 2147483647;
			files = (
				C21F9B5B1D12A00100E310CA /* ViewController.swift in Sources */,
				C21F9B591D12A00100E310CA /* AppDelegate.swift in Sources */,
			);
			runOnlyForDeploymentPostprocessing = 0;
		};
/* End PBXSourcesBuildPhase section */

/* Begin PBXVariantGroup section */
		C21F9B5E1D12A00100E310CA /* Main.storyboard */ = {
			isa = PBXVariantGroup;
			children = (
				C21F9B5F1D12A00100E310CA /* Base */,
			);
			name = Main.storyboard;
			sourceTree = "<group>";
		};
/* End PBXVariantGroup section */

/* Begin XCBuildConfiguration section */
		C21F9B621D12A00100E310CA /* Debug */ = {
			isa = XCBuildConfiguration;
			buildSettings = {
				ALWAYS_SEARCH_USER_PATHS = NO;
				CLANG_ANALYZER_NONNULL = YES;
				CLANG_CXX_LANGUAGE_STANDARD = "gnu++0x";
				CLANG_CXX_LIBRARY = "libc++";
				CLANG_ENABLE_MODULES = YES;
				CLANG_ENABLE_OBJC_ARC = YES;
				CLANG_WARN_BOOL_CONVERSION = YES;
				CLANG_WARN_CONSTANT_CONVERSION = YES;
				CLANG_WARN_DIRECT_OBJC_ISA_USAGE = YES_ERROR;
				CLANG_WARN_EMPTY_BODY = YES;
				CLANG_WARN_ENUM_CONVERSION = YES;
				CLANG_WARN_INT_CONVERSION = YES;
				CLANG_WARN_OBJC_ROOT_CLASS = YES_ERROR;
				CLANG_WARN_UNREACHABLE_CODE = YES;
				CLANG_WARN__DUPLICATE_METHOD_MATCH = YES;
				CODE_SIGN_IDENTITY = "-";
				COPY_PHASE_STRIP = NO;
				DEBUG_INFORMATION_FORMAT = dwarf;
				ENABLE_STRICT_OBJC_MSGSEND = YES;
				ENABLE_TESTABILITY = YES;
				GCC_C_LANGUAGE_STANDARD = gnu99;
				GCC_DYNAMIC_NO_PIC = NO;
				GCC_NO_COMMON_BLOCKS = YES;
				GCC_OPTIMIZATION_LEVEL = 0;
				GCC_PREPROCESSOR_DEFINITIONS = (
					"DEBUG=1",
					"$(inherited)",
				);
				GCC_WARN_64_TO_32_BIT_CONVERSION = YES;
				GCC_WARN_ABOUT_RETURN_TYPE = YES_ERROR;
				GCC_WARN_UNDECLARED_SELECTOR = YES;
				GCC_WARN_UNINITIALIZED_AUTOS = YES_AGGRESSIVE;
				GCC_WARN_UNUSED_FUNCTION = YES;
				GCC_WARN_UNUSED_VARIABLE = YES;
				MACOSX_DEPLOYMENT_TARGET = 10.11;
				MTL_ENABLE_DEBUG_INFO = YES;
				ONLY_ACTIVE_ARCH = YES;
				SDKROOT = macosx;
				SWIFT_OPTIMIZATION_LEVEL = "-Onone";
			};
			name = Debug;
		};
		C21F9B631D12A00100E310CA /* Release */ = {
			isa = XCBuildConfiguration;
			buildSettings = {
				ALWAYS_SEARCH_USER_PATHS = NO;
				CLANG_ANALYZER_NONNULL = YES;
				CLANG_CXX_LANGUAGE_STANDARD = "gnu++0x";
				CLANG_CXX_LIBRARY = "libc++";
				CLANG_ENABLE_MODULES = YES;
				CLANG_ENABLE_OBJC_ARC = YES;
				CLANG_WARN_BOOL_CONVERSION = YES;
				CLANG_WARN_CONSTANT_CONVERSION = YES;
				CLANG_WARN_DIRECT_OBJC_ISA_USAGE = YES_ERROR;
				CLANG_WARN_EMPTY_BODY = YES;
				CLANG_WARN_ENUM_CONVERSION = YES;
				CLANG_WARN_INT_CONVERSION = YES;
				CLANG_WARN_OBJC_ROOT_CLASS = YES_ERROR;
				CLANG_WARN_UNREACHABLE_CODE = YES;
				CLANG_WARN__DUPLICATE_METHOD_MATCH = YES;
				CODE_SIGN_IDENTITY = "-";
				COPY_PHASE_STRIP = NO;
				DEBUG_INFORMATION_FORMAT = "dwarf-with-dsym";
				ENABLE_NS_ASSERTIONS = NO;
				ENABLE_STRICT_OBJC_MSGSEND = YES;
				GCC_C_LANGUAGE_STANDARD = gnu99;
				GCC_NO_COMMON_BLOCKS = YES;
				GCC_WARN_64_TO_32_BIT_CONVERSION = YES;
				GCC_WARN_ABOUT_RETURN_TYPE = YES_ERROR;
				GCC_WARN_UNDECLARED_SELECTOR = YES;
				GCC_WARN_UNINITIALIZED_AUTOS = YES_AGGRESSIVE;
				GCC_WARN_UNUSED_FUNCTION = YES;
				GCC_WARN_UNUSED_VARIABLE = YES;
				MACOSX_DEPLOYMENT_TARGET = 10.11;
				MTL_ENABLE_DEBUG_INFO = NO;
				SDKROOT = macosx;
			};
			name = Release;
		};
		C21F9B651D12A00100E310CA /* Debug */ = {
			isa = XCBuildConfiguration;
			buildSettings = {
				ASSETCATALOG_COMPILER_APPICON_NAME = AppIcon;
				COMBINE_HIDPI_IMAGES = YES;
				INFOPLIST_FILE = Spoti2Music/Info.plist;
				LD_RUNPATH_SEARCH_PATHS = "$(inherited) @executable_path/../Frameworks";
				PRODUCT_BUNDLE_IDENTIFIER = Issambend.Spoti2Music;
				PRODUCT_NAME = "$(TARGET_NAME)";
			};
			name = Debug;
		};
		C21F9B661D12A00100E310CA /* Release */ = {
			isa = XCBuildConfiguration;
			buildSettings = {
				ASSETCATALOG_COMPILER_APPICON_NAME = AppIcon;
				COMBINE_HIDPI_IMAGES = YES;
				INFOPLIST_FILE = Spoti2Music/Info.plist;
				LD_RUNPATH_SEARCH_PATHS = "$(inherited) @executable_path/../Frameworks";
				PRODUCT_BUNDLE_IDENTIFIER = Issambend.Spoti2Music;
				PRODUCT_NAME = "$(TARGET_NAME)";
			};
			name = Release;
		};
/* End XCBuildConfiguration section */

/* Begin XCConfigurationList section */
		C21F9B501D12A00100E310CA /* Build configuration list for PBXProject "Spoti2Music" */ = {
			isa = XCConfigurationList;
			buildConfigurations = (
				C21F9B621D12A00100E310CA /* Debug */,
				C21F9B631D12A00100E310CA /* Release */,
			);
			defaultConfigurationIsVisible = 0;
			defaultConfigurationName = Release;
		};
		C21F9B641D12A00100E310CA /* Build configuration list for PBXNativeTarget "Spoti2Music" */ = {
			isa = XCConfigurationList;
			buildConfigurations = (
				C21F9B651D12A00100E310CA /* Debug */,
				C21F9B661D12A00100E310CA /* Release */,
			);
			defaultConfigurationIsVisible = 0;
		};
/* End XCConfigurationList section */
	};
	rootObject = C21F9B4D1D12A00100E310CA /* Project object */;
}
